// !$*UTF8*$!
{
	archiveVersion = 1;
	classes = {
	};
	objectVersion = 46;
	objects = {

/* Begin PBXBuildFile section */
		8B2BB99C1ECC310200EC7A2A /* AppDelegate.swift in Sources */ = {isa = PBXBuildFile; fileRef = 8B2BB99B1ECC310200EC7A2A /* AppDelegate.swift */; };
		8B2BB99E1ECC310200EC7A2A /* ViewController.swift in Sources */ = {isa = PBXBuildFile; fileRef = 8B2BB99D1ECC310200EC7A2A /* ViewController.swift */; };
		8B2BB9A11ECC310200EC7A2A /* Main.storyboard in Resources */ = {isa = PBXBuildFile; fileRef = 8B2BB99F1ECC310200EC7A2A /* Main.storyboard */; };
		8B2BB9A31ECC310200EC7A2A /* Assets.xcassets in Resources */ = {isa = PBXBuildFile; fileRef = 8B2BB9A21ECC310200EC7A2A /* Assets.xcassets */; };
		8B2BB9A61ECC310200EC7A2A /* LaunchScreen.storyboard in Resources */ = {isa = PBXBuildFile; fileRef = 8B2BB9A41ECC310200EC7A2A /* LaunchScreen.storyboard */; };
/* End PBXBuildFile section */

/* Begin PBXFileReference section */
		8B2BB9981ECC310200EC7A2A /* UIViewAnimationSyntaxSugar.app */ = {isa = PBXFileReference; explicitFileType = wrapper.application; includeInIndex = 0; path = UIViewAnimationSyntaxSugar.app; sourceTree = BUILT_PRODUCTS_DIR; };
		8B2BB99B1ECC310200EC7A2A /* AppDelegate.swift */ = {isa = PBXFileReference; lastKnownFileType = sourcecode.swift; path = AppDelegate.swift; sourceTree = "<group>"; };
		8B2BB99D1ECC310200EC7A2A /* ViewController.swift */ = {isa = PBXFileReference; lastKnownFileType = sourcecode.swift; path = ViewController.swift; sourceTree = "<group>"; };
		8B2BB9A01ECC310200EC7A2A /* Base */ = {isa = PBXFileReference; lastKnownFileType = file.storyboard; name = Base; path = Base.lproj/Main.storyboard; sourceTree = "<group>"; };
		8B2BB9A21ECC310200EC7A2A /* Assets.xcassets */ = {isa = PBXFileReference; lastKnownFileType = folder.assetcatalog; path = Assets.xcassets; sourceTree = "<group>"; };
		8B2BB9A51ECC310200EC7A2A /* Base */ = {isa = PBXFileReference; lastKnownFileType = file.storyboard; name = Base; path = Base.lproj/LaunchScreen.storyboard; sourceTree = "<group>"; };
		8B2BB9A71ECC310300EC7A2A /* Info.plist */ = {isa = PBXFileReference; lastKnownFileType = text.plist.xml; path = Info.plist; sourceTree = "<group>"; };
/* End PBXFileReference section */

/* Begin PBXFrameworksBuildPhase section */
		8B2BB9951ECC310200EC7A2A /* Frameworks */ = {
			isa = PBXFrameworksBuildPhase;
			buildActionMask = 2147483647;
			files = (
			);
			runOnlyForDeploymentPostprocessing = 0;
		};
/* End PBXFrameworksBuildPhase section */

/* Begin PBXGroup section */
		8B2BB98F1ECC310200EC7A2A = {
			isa = PBXGroup;
			children = (
				8B2BB99A1ECC310200EC7A2A /* UIViewAnimationSyntaxSugar */,
				8B2BB9991ECC310200EC7A2A /* Products */,
			);
			sourceTree = "<group>";
		};
		8B2BB9991ECC310200EC7A2A /* Products */ = {
			isa = PBXGroup;
			children = (
				8B2BB9981ECC310200EC7A2A /* UIViewAnimationSyntaxSugar.app */,
			);
			name = Products;
			sourceTree = "<group>";
		};
		8B2BB99A1ECC310200EC7A2A /* UIViewAnimationSyntaxSugar */ = {
			isa = PBXGroup;
			children = (
				8B2BB99B1ECC310200EC7A2A /* AppDelegate.swift */,
				8B2BB99D1ECC310200EC7A2A /* ViewController.swift */,
				8B2BB99F1ECC310200EC7A2A /* Main.storyboard */,
				8B2BB9A21ECC310200EC7A2A /* Assets.xcassets */,
				8B2BB9A41ECC310200EC7A2A /* LaunchScreen.storyboard */,
				8B2BB9A71ECC310300EC7A2A /* Info.plist */,
			);
			path = UIViewAnimationSyntaxSugar;
			sourceTree = "<group>";
		};
/* End PBXGroup section */

/* Begin PBXNativeTarget section */
		8B2BB9971ECC310200EC7A2A /* UIViewAnimationSyntaxSugar */ = {
			isa = PBXNativeTarget;
			buildConfigurationList = 8B2BB9AA1ECC310300EC7A2A /* Build configuration list for PBXNativeTarget "UIViewAnimationSyntaxSugar" */;
			buildPhases = (
				8B2BB9941ECC310200EC7A2A /* Sources */,
				8B2BB9951ECC310200EC7A2A /* Frameworks */,
				8B2BB9961ECC310200EC7A2A /* Resources */,
			);
			buildRules = (
			);
			dependencies = (
			);
			name = UIViewAnimationSyntaxSugar;
			productName = UIViewAnimationSyntaxSugar;
			productReference = 8B2BB9981ECC310200EC7A2A /* UIViewAnimationSyntaxSugar.app */;
			productType = "com.apple.product-type.application";
		};
/* End PBXNativeTarget section */

/* Begin PBXProject section */
		8B2BB9901ECC310200EC7A2A /* Project object */ = {
			isa = PBXProject;
			attributes = {
				LastSwiftUpdateCheck = 0830;
				LastUpgradeCheck = 0830;
				ORGANIZATIONNAME = grutech;
				TargetAttributes = {
					8B2BB9971ECC310200EC7A2A = {
						CreatedOnToolsVersion = 8.3.2;
						ProvisioningStyle = Automatic;
					};
				};
			};
			buildConfigurationList = 8B2BB9931ECC310200EC7A2A /* Build configuration list for PBXProject "UIViewAnimationSyntaxSugar" */;
			compatibilityVersion = "Xcode 3.2";
			developmentRegion = English;
			hasScannedForEncodings = 0;
			knownRegions = (
				en,
				Base,
			);
			mainGroup = 8B2BB98F1ECC310200EC7A2A;
			productRefGroup = 8B2BB9991ECC310200EC7A2A /* Products */;
			projectDirPath = "";
			projectRoot = "";
			targets = (
				8B2BB9971ECC310200EC7A2A /* UIViewAnimationSyntaxSugar */,
			);
		};
/* End PBXProject section */

/* Begin PBXResourcesBuildPhase section */
		8B2BB9961ECC310200EC7A2A /* Resources */ = {
			isa = PBXResourcesBuildPhase;
			buildActionMask = 2147483647;
			files = (
				8B2BB9A61ECC310200EC7A2A /* LaunchScreen.storyboard in Resources */,
				8B2BB9A31ECC310200EC7A2A /* Assets.xcassets in Resources */,
				8B2BB9A11ECC310200EC7A2A /* Main.storyboard in Resources */,
			);
			runOnlyForDeploymentPostprocessing = 0;
		};
/* End PBXResourcesBuildPhase section */

/* Begin PBXSourcesBuildPhase section */
		8B2BB9941ECC310200EC7A2A /* Sources */ = {
			isa = PBXSourcesBuildPhase;
			buildActionMask = 2147483647;
			files = (
				8B2BB99E1ECC310200EC7A2A /* ViewController.swift in Sources */,
				8B2BB99C1ECC310200EC7A2A /* AppDelegate.swift in Sources */,
			);
			runOnlyForDeploymentPostprocessing = 0;
		};
/* End PBXSourcesBuildPhase section */

/* Begin PBXVariantGroup section */
		8B2BB99F1ECC310200EC7A2A /* Main.storyboard */ = {
			isa = PBXVariantGroup;
			children = (
				8B2BB9A01ECC310200EC7A2A /* Base */,
			);
			name = Main.storyboard;
			sourceTree = "<group>";
		};
		8B2BB9A41ECC310200EC7A2A /* LaunchScreen.storyboard */ = {
			isa = PBXVariantGroup;
			children = (
				8B2BB9A51ECC310200EC7A2A /* Base */,
			);
			name = LaunchScreen.storyboard;
			sourceTree = "<group>";
		};
/* End PBXVariantGroup section */

/* Begin XCBuildConfiguration section */
		8B2BB9A81ECC310300EC7A2A /* Debug */ = {
			isa = XCBuildConfiguration;
			buildSettings = {
				ALWAYS_SEARCH_USER_PATHS = NO;
				CLANG_ANALYZER_NONNULL = YES;
				CLANG_ANALYZER_NUMBER_OBJECT_CONVERSION = YES_AGGRESSIVE;
				CLANG_CXX_LANGUAGE_STANDARD = "gnu++0x";
				CLANG_CXX_LIBRARY = "libc++";
				CLANG_ENABLE_MODULES = YES;
				CLANG_ENABLE_OBJC_ARC = YES;
				CLANG_WARN_BOOL_CONVERSION = YES;
				CLANG_WARN_CONSTANT_CONVERSION = YES;
				CLANG_WARN_DIRECT_OBJC_ISA_USAGE = YES_ERROR;
				CLANG_WARN_DOCUMENTATION_COMMENTS = YES;
				CLANG_WARN_EMPTY_BODY = YES;
				CLANG_WARN_ENUM_CONVERSION = YES;
				CLANG_WARN_INFINITE_RECURSION = YES;
				CLANG_WARN_INT_CONVERSION = YES;
				CLANG_WARN_OBJC_ROOT_CLASS = YES_ERROR;
				CLANG_WARN_SUSPICIOUS_MOVE = YES;
				CLANG_WARN_UNREACHABLE_CODE = YES;
				CLANG_WARN__DUPLICATE_METHOD_MATCH = YES;
				"CODE_SIGN_IDENTITY[sdk=iphoneos*]" = "iPhone Developer";
				COPY_PHASE_STRIP = NO;
				DEBUG_INFORMATION_FORMAT = dwarf;
				ENABLE_STRICT_OBJC_MSGSEND = YES;
				ENABLE_TESTABILITY = YES;
				GCC_C_LANGUAGE_STANDARD = gnu99;
				GCC_DYNAMIC_NO_PIC = NO;
				GCC_NO_COMMON_BLOCKS = YES;
				GCC_OPTIMIZATION_LEVEL = 0;
				GCC_PREPROCESSOR_DEFINITIONS = (
					"DEBUG=1",
					"$(inherited)",
				);
				GCC_WARN_64_TO_32_BIT_CONVERSION = YES;
				GCC_WARN_ABOUT_RETURN_TYPE = YES_ERROR;
				GCC_WARN_UNDECLARED_SELECTOR = YES;
				GCC_WARN_UNINITIALIZED_AUTOS = YES_AGGRESSIVE;
				GCC_WARN_UNUSED_FUNCTION = YES;
				GCC_WARN_UNUSED_VARIABLE = YES;
				IPHONEOS_DEPLOYMENT_TARGET = 10.3;
				MTL_ENABLE_DEBUG_INFO = YES;
				ONLY_ACTIVE_ARCH = YES;
				SDKROOT = iphoneos;
				SWIFT_ACTIVE_COMPILATION_CONDITIONS = DEBUG;
				SWIFT_OPTIMIZATION_LEVEL = "-Onone";
				TARGETED_DEVICE_FAMILY = "1,2";
			};
			name = Debug;
		};
		8B2BB9A91ECC310300EC7A2A /* Release */ = {
			isa = XCBuildConfiguration;
			buildSettings = {
				ALWAYS_SEARCH_USER_PATHS = NO;
				CLANG_ANALYZER_NONNULL = YES;
				CLANG_ANALYZER_NUMBER_OBJECT_CONVERSION = YES_AGGRESSIVE;
				CLANG_CXX_LANGUAGE_STANDARD = "gnu++0x";
				CLANG_CXX_LIBRARY = "libc++";
				CLANG_ENABLE_MODULES = YES;
				CLANG_ENABLE_OBJC_ARC = YES;
				CLANG_WARN_BOOL_CONVERSION = YES;
				CLANG_WARN_CONSTANT_CONVERSION = YES;
				CLANG_WARN_DIRECT_OBJC_ISA_USAGE = YES_ERROR;
				CLANG_WARN_DOCUMENTATION_COMMENTS = YES;
				CLANG_WARN_EMPTY_BODY = YES;
				CLANG_WARN_ENUM_CONVERSION = YES;
				CLANG_WARN_INFINITE_RECURSION = YES;
				CLANG_WARN_INT_CONVERSION = YES;
				CLANG_WARN_OBJC_ROOT_CLASS = YES_ERROR;
				CLANG_WARN_SUSPICIOUS_MOVE = YES;
				CLANG_WARN_UNREACHABLE_CODE = YES;
				CLANG_WARN__DUPLICATE_METHOD_MATCH = YES;
				"CODE_SIGN_IDENTITY[sdk=iphoneos*]" = "iPhone Developer";
				COPY_PHASE_STRIP = NO;
				DEBUG_INFORMATION_FORMAT = "dwarf-with-dsym";
				ENABLE_NS_ASSERTIONS = NO;
				ENABLE_STRICT_OBJC_MSGSEND = YES;
				GCC_C_LANGUAGE_STANDARD = gnu99;
				GCC_NO_COMMON_BLOCKS = YES;
				GCC_WARN_64_TO_32_BIT_CONVERSION = YES;
				GCC_WARN_ABOUT_RETURN_TYPE = YES_ERROR;
				GCC_WARN_UNDECLARED_SELECTOR = YES;
				GCC_WARN_UNINITIALIZED_AUTOS = YES_AGGRESSIVE;
				GCC_WARN_UNUSED_FUNCTION = YES;
				GCC_WARN_UNUSED_VARIABLE = YES;
				IPHONEOS_DEPLOYMENT_TARGET = 10.3;
				MTL_ENABLE_DEBUG_INFO = NO;
				SDKROOT = iphoneos;
				SWIFT_OPTIMIZATION_LEVEL = "-Owholemodule";
				TARGETED_DEVICE_FAMILY = "1,2";
				VALIDATE_PRODUCT = YES;
			};
			name = Release;
		};
		8B2BB9AB1ECC310300EC7A2A /* Debug */ = {
			isa = XCBuildConfiguration;
			buildSettings = {
				ASSETCATALOG_COMPILER_APPICON_NAME = AppIcon;
				INFOPLIST_FILE = UIViewAnimationSyntaxSugar/Info.plist;
				LD_RUNPATH_SEARCH_PATHS = "$(inherited) @executable_path/Frameworks";
				PRODUCT_BUNDLE_IDENTIFIER = grutech.UIViewAnimationSyntaxSugar;
				PRODUCT_NAME = "$(TARGET_NAME)";
				SWIFT_VERSION = 3.0;
			};
			name = Debug;
		};
		8B2BB9AC1ECC310300EC7A2A /* Release */ = {
			isa = XCBuildConfiguration;
			buildSettings = {
				ASSETCATALOG_COMPILER_APPICON_NAME = AppIcon;
				INFOPLIST_FILE = UIViewAnimationSyntaxSugar/Info.plist;
				LD_RUNPATH_SEARCH_PATHS = "$(inherited) @executable_path/Frameworks";
				PRODUCT_BUNDLE_IDENTIFIER = grutech.UIViewAnimationSyntaxSugar;
				PRODUCT_NAME = "$(TARGET_NAME)";
				SWIFT_VERSION = 3.0;
			};
			name = Release;
		};
/* End XCBuildConfiguration section */

/* Begin XCConfigurationList section */
		8B2BB9931ECC310200EC7A2A /* Build configuration list for PBXProject "UIViewAnimationSyntaxSugar" */ = {
			isa = XCConfigurationList;
			buildConfigurations = (
				8B2BB9A81ECC310300EC7A2A /* Debug */,
				8B2BB9A91ECC310300EC7A2A /* Release */,
			);
			defaultConfigurationIsVisible = 0;
			defaultConfigurationName = Release;
		};
		8B2BB9AA1ECC310300EC7A2A /* Build configuration list for PBXNativeTarget "UIViewAnimationSyntaxSugar" */ = {
			isa = XCConfigurationList;
			buildConfigurations = (
				8B2BB9AB1ECC310300EC7A2A /* Debug */,
				8B2BB9AC1ECC310300EC7A2A /* Release */,
			);
			defaultConfigurationIsVisible = 0;
		};
/* End XCConfigurationList section */
	};
	rootObject = 8B2BB9901ECC310200EC7A2A /* Project object */;
}
